
Microsoft Visual Studio Solution File, Format Version 12.00
# Visual Studio Version 17
VisualStudioVersion = 17.13.35806.99
MinimumVisualStudioVersion = 10.0.40219.1
Project("{FAE04EC0-301F-11D3-BF4B-00C04F79EFBC}") = "CMS.Data", "CMS.Data\CMS.Data.csproj", "{39782AAB-613F-4AF0-8685-1078ABAA4F4E}"
EndProject
Project("{FAE04EC0-301F-11D3-BF4B-00C04F79EFBC}") = "CMS.Backend", "CMS.Backend\CMS.Backend.csproj", "{828383D3-0730-4769-842C-6B697DA0BC2B}"
EndProject
Global
	GlobalSection(SolutionConfigurationPlatforms) = preSolution
		Debug|Any CPU = Debug|Any CPU
		Release|Any CPU = Release|Any CPU
	EndGlobalSection
	GlobalSection(ProjectConfigurationPlatforms) = postSolution
		{39782AAB-613F-4AF0-8685-1078ABAA4F4E}.Debug|Any CPU.ActiveCfg = Debug|Any CPU
		{39782AAB-613F-4AF0-8685-1078ABAA4F4E}.Debug|Any CPU.Build.0 = Debug|Any CPU
		{39782AAB-613F-4AF0-8685-1078ABAA4F4E}.Release|Any CPU.ActiveCfg = Release|Any CPU
		{39782AAB-613F-4AF0-8685-1078ABAA4F4E}.Release|Any CPU.Build.0 = Release|Any CPU
		{828383D3-0730-4769-842C-6B697DA0BC2B}.Debug|Any CPU.ActiveCfg = Debug|Any CPU
		{828383D3-0730-4769-842C-6B697DA0BC2B}.Debug|Any CPU.Build.0 = Debug|Any CPU
		{828383D3-0730-4769-842C-6B697DA0BC2B}.Release|Any CPU.ActiveCfg = Release|Any CPU
		{828383D3-0730-4769-842C-6B697DA0BC2B}.Release|Any CPU.Build.0 = Release|Any CPU
	EndGlobalSection
	GlobalSection(SolutionProperties) = preSolution
		HideSolutionNode = FALSE
	EndGlobalSection
	GlobalSection(ExtensibilityGlobals) = postSolution
		SolutionGuid = {2ECB9EC1-6AB0-4E24-8CBB-51A101344518}
	EndGlobalSection
EndGlobal
